// !$*UTF8*$!
{
	archiveVersion = 1;
	classes = {
	};
	objectVersion = 46;
	objects = {

/* Begin PBXBuildFile section */
		A3408BC31B4EE79200941D6C /* eye.png in Resources */ = {isa = PBXBuildFile; fileRef = A3408BC21B4EE79200941D6C /* eye.png */; };
		A3408BC51B4EE80800941D6C /* pairing code.png in Resources */ = {isa = PBXBuildFile; fileRef = A3408BC41B4EE80800941D6C /* pairing code.png */; };
		A3408BC71B4EE8B800941D6C /* MapKit.framework in Frameworks */ = {isa = PBXBuildFile; fileRef = A3408BC61B4EE8B800941D6C /* MapKit.framework */; };
		A3408BCA1B4EE8CF00941D6C /* MainViewController.m in Sources */ = {isa = PBXBuildFile; fileRef = A3408BC91B4EE8CF00941D6C /* MainViewController.m */; };
		A3408BD11B4EED7A00941D6C /* force fields.png in Resources */ = {isa = PBXBuildFile; fileRef = A3408BCB1B4EED7A00941D6C /* force fields.png */; };
		A3408BD21B4EED7A00941D6C /* icons.png in Resources */ = {isa = PBXBuildFile; fileRef = A3408BCC1B4EED7A00941D6C /* icons.png */; };
		A3408BD31B4EED7A00941D6C /* pairing code.png in Resources */ = {isa = PBXBuildFile; fileRef = A3408BCD1B4EED7A00941D6C /* pairing code.png */; };
		A3408BD41B4EED7A00941D6C /* settings.png in Resources */ = {isa = PBXBuildFile; fileRef = A3408BCE1B4EED7A00941D6C /* settings.png */; };
		A3408BD51B4EED7A00941D6C /* share freedom.png in Resources */ = {isa = PBXBuildFile; fileRef = A3408BCF1B4EED7A00941D6C /* share freedom.png */; };
		A3408BD61B4EED7A00941D6C /* share location.png in Resources */ = {isa = PBXBuildFile; fileRef = A3408BD01B4EED7A00941D6C /* share location.png */; };
		A343E0481B491BE2004F30A4 /* main.m in Sources */ = {isa = PBXBuildFile; fileRef = A343E0471B491BE2004F30A4 /* main.m */; };
		A343E04B1B491BE2004F30A4 /* AppDelegate.m in Sources */ = {isa = PBXBuildFile; fileRef = A343E04A1B491BE2004F30A4 /* AppDelegate.m */; };
		A343E0511B491BE2004F30A4 /* Main.storyboard in Resources */ = {isa = PBXBuildFile; fileRef = A343E04F1B491BE2004F30A4 /* Main.storyboard */; };
		A343E0531B491BE3004F30A4 /* Images.xcassets in Resources */ = {isa = PBXBuildFile; fileRef = A343E0521B491BE3004F30A4 /* Images.xcassets */; };
		A343E0561B491BE3004F30A4 /* LaunchScreen.xib in Resources */ = {isa = PBXBuildFile; fileRef = A343E0541B491BE3004F30A4 /* LaunchScreen.xib */; };
		A343E0621B491BE3004F30A4 /* FreedomTests.m in Sources */ = {isa = PBXBuildFile; fileRef = A343E0611B491BE3004F30A4 /* FreedomTests.m */; };
		A35E2B0E1B4933F3000C9C7A /* background.png in Resources */ = {isa = PBXBuildFile; fileRef = A35E2B091B4933F3000C9C7A /* background.png */; };
		A35E2B0F1B4933F3000C9C7A /* backGround_2.png in Resources */ = {isa = PBXBuildFile; fileRef = A35E2B0A1B4933F3000C9C7A /* backGround_2.png */; };
		A35E2B101B4933F3000C9C7A /* freedom screen(splash).png in Resources */ = {isa = PBXBuildFile; fileRef = A35E2B0B1B4933F3000C9C7A /* freedom screen(splash).png */; };
		A35E2B111B4933F3000C9C7A /* freedom.png in Resources */ = {isa = PBXBuildFile; fileRef = A35E2B0C1B4933F3000C9C7A /* freedom.png */; };
		A35E2B121B4933F3000C9C7A /* freedom_logo.png in Resources */ = {isa = PBXBuildFile; fileRef = A35E2B0D1B4933F3000C9C7A /* freedom_logo.png */; };
		A35E2B151B493D66000C9C7A /* SplashViewController.m in Sources */ = {isa = PBXBuildFile; fileRef = A35E2B141B493D66000C9C7A /* SplashViewController.m */; };
		A35E2B1A1B493DA2000C9C7A /* LandingViewController.m in Sources */ = {isa = PBXBuildFile; fileRef = A35E2B191B493DA2000C9C7A /* LandingViewController.m */; };
		A35E2B1E1B493DC9000C9C7A /* ParentSignUpViewController.m in Sources */ = {isa = PBXBuildFile; fileRef = A35E2B1D1B493DC9000C9C7A /* ParentSignUpViewController.m */; };
		A35E2B211B49433B000C9C7A /* MyriadPro-Regular.otf in Resources */ = {isa = PBXBuildFile; fileRef = A35E2B201B49433B000C9C7A /* MyriadPro-Regular.otf */; };
		A3C4E5591B5974A400B71AB6 /* testFile.m in Sources */ = {isa = PBXBuildFile; fileRef = A3C4E5581B5974A400B71AB6 /* testFile.m */; };
/* End PBXBuildFile section */

/* Begin PBXContainerItemProxy section */
		A343E05C1B491BE3004F30A4 /* PBXContainerItemProxy */ = {
			isa = PBXContainerItemProxy;
			containerPortal = A343E03A1B491BE1004F30A4 /* Project object */;
			proxyType = 1;
			remoteGlobalIDString = A343E0411B491BE2004F30A4;
			remoteInfo = Freedom;
		};
/* End PBXContainerItemProxy section */

/* Begin PBXFileReference section */
		A3408BC21B4EE79200941D6C /* eye.png */ = {isa = PBXFileReference; lastKnownFileType = image.png; path = eye.png; sourceTree = "<group>"; };
		A3408BC41B4EE80800941D6C /* pairing code.png */ = {isa = PBXFileReference; lastKnownFileType = image.png; path = "pairing code.png"; sourceTree = "<group>"; };
		A3408BC61B4EE8B800941D6C /* MapKit.framework */ = {isa = PBXFileReference; lastKnownFileType = wrapper.framework; name = MapKit.framework; path = System/Library/Frameworks/MapKit.framework; sourceTree = SDKROOT; };
		A3408BC81B4EE8CF00941D6C /* MainViewController.h */ = {isa = PBXFileReference; fileEncoding = 4; lastKnownFileType = sourcecode.c.h; path = MainViewController.h; sourceTree = "<group>"; };
		A3408BC91B4EE8CF00941D6C /* MainViewController.m */ = {isa = PBXFileReference; fileEncoding = 4; lastKnownFileType = sourcecode.c.objc; path = MainViewController.m; sourceTree = "<group>"; };
		A3408BCB1B4EED7A00941D6C /* force fields.png */ = {isa = PBXFileReference; lastKnownFileType = image.png; path = "force fields.png"; sourceTree = "<group>"; };
		A3408BCC1B4EED7A00941D6C /* icons.png */ = {isa = PBXFileReference; lastKnownFileType = image.png; path = icons.png; sourceTree = "<group>"; };
		A3408BCD1B4EED7A00941D6C /* pairing code.png */ = {isa = PBXFileReference; lastKnownFileType = image.png; path = "pairing code.png"; sourceTree = "<group>"; };
		A3408BCE1B4EED7A00941D6C /* settings.png */ = {isa = PBXFileReference; lastKnownFileType = image.png; path = settings.png; sourceTree = "<group>"; };
		A3408BCF1B4EED7A00941D6C /* share freedom.png */ = {isa = PBXFileReference; lastKnownFileType = image.png; path = "share freedom.png"; sourceTree = "<group>"; };
		A3408BD01B4EED7A00941D6C /* share location.png */ = {isa = PBXFileReference; lastKnownFileType = image.png; path = "share location.png"; sourceTree = "<group>"; };
		A343E0421B491BE2004F30A4 /* Freedom.app */ = {isa = PBXFileReference; explicitFileType = wrapper.application; includeInIndex = 0; path = Freedom.app; sourceTree = BUILT_PRODUCTS_DIR; };
		A343E0461B491BE2004F30A4 /* Info.plist */ = {isa = PBXFileReference; lastKnownFileType = text.plist.xml; path = Info.plist; sourceTree = "<group>"; };
		A343E0471B491BE2004F30A4 /* main.m */ = {isa = PBXFileReference; lastKnownFileType = sourcecode.c.objc; path = main.m; sourceTree = "<group>"; };
		A343E0491B491BE2004F30A4 /* AppDelegate.h */ = {isa = PBXFileReference; lastKnownFileType = sourcecode.c.h; path = AppDelegate.h; sourceTree = "<group>"; };
		A343E04A1B491BE2004F30A4 /* AppDelegate.m */ = {isa = PBXFileReference; lastKnownFileType = sourcecode.c.objc; path = AppDelegate.m; sourceTree = "<group>"; };
		A343E0501B491BE2004F30A4 /* Base */ = {isa = PBXFileReference; lastKnownFileType = file.storyboard; name = Base; path = Base.lproj/Main.storyboard; sourceTree = "<group>"; };
		A343E0521B491BE3004F30A4 /* Images.xcassets */ = {isa = PBXFileReference; lastKnownFileType = folder.assetcatalog; path = Images.xcassets; sourceTree = "<group>"; };
		A343E0551B491BE3004F30A4 /* Base */ = {isa = PBXFileReference; lastKnownFileType = file.xib; name = Base; path = Base.lproj/LaunchScreen.xib; sourceTree = "<group>"; };
		A343E05B1B491BE3004F30A4 /* FreedomTests.xctest */ = {isa = PBXFileReference; explicitFileType = wrapper.cfbundle; includeInIndex = 0; path = FreedomTests.xctest; sourceTree = BUILT_PRODUCTS_DIR; };
		A343E0601B491BE3004F30A4 /* Info.plist */ = {isa = PBXFileReference; lastKnownFileType = text.plist.xml; path = Info.plist; sourceTree = "<group>"; };
		A343E0611B491BE3004F30A4 /* FreedomTests.m */ = {isa = PBXFileReference; lastKnownFileType = sourcecode.c.objc; path = FreedomTests.m; sourceTree = "<group>"; };
		A35E2B091B4933F3000C9C7A /* background.png */ = {isa = PBXFileReference; lastKnownFileType = image.png; path = background.png; sourceTree = "<group>"; };
		A35E2B0A1B4933F3000C9C7A /* backGround_2.png */ = {isa = PBXFileReference; lastKnownFileType = image.png; path = backGround_2.png; sourceTree = "<group>"; };
		A35E2B0B1B4933F3000C9C7A /* freedom screen(splash).png */ = {isa = PBXFileReference; lastKnownFileType = image.png; path = "freedom screen(splash).png"; sourceTree = "<group>"; };
		A35E2B0C1B4933F3000C9C7A /* freedom.png */ = {isa = PBXFileReference; lastKnownFileType = image.png; path = freedom.png; sourceTree = "<group>"; };
		A35E2B0D1B4933F3000C9C7A /* freedom_logo.png */ = {isa = PBXFileReference; lastKnownFileType = image.png; path = freedom_logo.png; sourceTree = "<group>"; };
		A35E2B131B493D66000C9C7A /* SplashViewController.h */ = {isa = PBXFileReference; fileEncoding = 4; lastKnownFileType = sourcecode.c.h; path = SplashViewController.h; sourceTree = "<group>"; };
		A35E2B141B493D66000C9C7A /* SplashViewController.m */ = {isa = PBXFileReference; fileEncoding = 4; lastKnownFileType = sourcecode.c.objc; path = SplashViewController.m; sourceTree = "<group>"; };
		A35E2B181B493DA2000C9C7A /* LandingViewController.h */ = {isa = PBXFileReference; fileEncoding = 4; lastKnownFileType = sourcecode.c.h; path = LandingViewController.h; sourceTree = "<group>"; };
		A35E2B191B493DA2000C9C7A /* LandingViewController.m */ = {isa = PBXFileReference; fileEncoding = 4; lastKnownFileType = sourcecode.c.objc; path = LandingViewController.m; sourceTree = "<group>"; };
		A35E2B1C1B493DC9000C9C7A /* ParentSignUpViewController.h */ = {isa = PBXFileReference; fileEncoding = 4; lastKnownFileType = sourcecode.c.h; path = ParentSignUpViewController.h; sourceTree = "<group>"; };
		A35E2B1D1B493DC9000C9C7A /* ParentSignUpViewController.m */ = {isa = PBXFileReference; fileEncoding = 4; lastKnownFileType = sourcecode.c.objc; path = ParentSignUpViewController.m; sourceTree = "<group>"; };
		A35E2B201B49433B000C9C7A /* MyriadPro-Regular.otf */ = {isa = PBXFileReference; lastKnownFileType = file; path = "MyriadPro-Regular.otf"; sourceTree = "<group>"; };
		A3C4E5571B5974A400B71AB6 /* testFile.h */ = {isa = PBXFileReference; fileEncoding = 4; lastKnownFileType = sourcecode.c.h; path = testFile.h; sourceTree = "<group>"; };
		A3C4E5581B5974A400B71AB6 /* testFile.m */ = {isa = PBXFileReference; fileEncoding = 4; lastKnownFileType = sourcecode.c.objc; path = testFile.m; sourceTree = "<group>"; };
/* End PBXFileReference section */

/* Begin PBXFrameworksBuildPhase section */
		A343E03F1B491BE2004F30A4 /* Frameworks */ = {
			isa = PBXFrameworksBuildPhase;
			buildActionMask = 2147483647;
			files = (
				A3408BC71B4EE8B800941D6C /* MapKit.framework in Frameworks */,
			);
			runOnlyForDeploymentPostprocessing = 0;
		};
		A343E0581B491BE3004F30A4 /* Frameworks */ = {
			isa = PBXFrameworksBuildPhase;
			buildActionMask = 2147483647;
			files = (
			);
			runOnlyForDeploymentPostprocessing = 0;
		};
/* End PBXFrameworksBuildPhase section */

/* Begin PBXGroup section */
		A343E0391B491BE1004F30A4 = {
			isa = PBXGroup;
			children = (
				A3408BC61B4EE8B800941D6C /* MapKit.framework */,
				A343E0441B491BE2004F30A4 /* Freedom */,
				A343E05E1B491BE3004F30A4 /* FreedomTests */,
				A343E0431B491BE2004F30A4 /* Products */,
			);
			sourceTree = "<group>";
		};
		A343E0431B491BE2004F30A4 /* Products */ = {
			isa = PBXGroup;
			children = (
				A343E0421B491BE2004F30A4 /* Freedom.app */,
				A343E05B1B491BE3004F30A4 /* FreedomTests.xctest */,
			);
			name = Products;
			sourceTree = "<group>";
		};
		A343E0441B491BE2004F30A4 /* Freedom */ = {
			isa = PBXGroup;
			children = (
				A35E2B081B4933F3000C9C7A /* freedom_icons */,
				A343E0491B491BE2004F30A4 /* AppDelegate.h */,
				A3408BCB1B4EED7A00941D6C /* force fields.png */,
				A3408BCC1B4EED7A00941D6C /* icons.png */,
				A3408BCD1B4EED7A00941D6C /* pairing code.png */,
				A3408BCE1B4EED7A00941D6C /* settings.png */,
				A3408BCF1B4EED7A00941D6C /* share freedom.png */,
				A3408BD01B4EED7A00941D6C /* share location.png */,
				A343E04A1B491BE2004F30A4 /* AppDelegate.m */,
				A3408BC81B4EE8CF00941D6C /* MainViewController.h */,
				A3408BC91B4EE8CF00941D6C /* MainViewController.m */,
				A3C4E5571B5974A400B71AB6 /* testFile.h */,
				A3C4E5581B5974A400B71AB6 /* testFile.m */,
				A35E2B1F1B493DD4000C9C7A /* ParentSignUpViewController */,
				A35E2B1B1B493DA7000C9C7A /* Landing View Controller */,
				A35E2B171B493D77000C9C7A /* Spash View Controller */,
				A343E04F1B491BE2004F30A4 /* Main.storyboard */,
				A343E0521B491BE3004F30A4 /* Images.xcassets */,
				A35E2B201B49433B000C9C7A /* MyriadPro-Regular.otf */,
				A343E0541B491BE3004F30A4 /* LaunchScreen.xib */,
				A343E0451B491BE2004F30A4 /* Supporting Files */,
			);
			path = Freedom;
			sourceTree = "<group>";
		};
		A343E0451B491BE2004F30A4 /* Supporting Files */ = {
			isa = PBXGroup;
			children = (
				A343E0461B491BE2004F30A4 /* Info.plist */,
				A343E0471B491BE2004F30A4 /* main.m */,
			);
			name = "Supporting Files";
			sourceTree = "<group>";
		};
		A343E05E1B491BE3004F30A4 /* FreedomTests */ = {
			isa = PBXGroup;
			children = (
				A343E0611B491BE3004F30A4 /* FreedomTests.m */,
				A343E05F1B491BE3004F30A4 /* Supporting Files */,
			);
			path = FreedomTests;
			sourceTree = "<group>";
		};
		A343E05F1B491BE3004F30A4 /* Supporting Files */ = {
			isa = PBXGroup;
			children = (
				A343E0601B491BE3004F30A4 /* Info.plist */,
			);
			name = "Supporting Files";
			sourceTree = "<group>";
		};
		A35E2B081B4933F3000C9C7A /* freedom_icons */ = {
			isa = PBXGroup;
			children = (
				A35E2B091B4933F3000C9C7A /* background.png */,
				A35E2B0A1B4933F3000C9C7A /* backGround_2.png */,
				A35E2B0B1B4933F3000C9C7A /* freedom screen(splash).png */,
				A35E2B0C1B4933F3000C9C7A /* freedom.png */,
				A35E2B0D1B4933F3000C9C7A /* freedom_logo.png */,
				A3408BC21B4EE79200941D6C /* eye.png */,
				A3408BC41B4EE80800941D6C /* pairing code.png */,
			);
			path = freedom_icons;
			sourceTree = "<group>";
		};
		A35E2B171B493D77000C9C7A /* Spash View Controller */ = {
			isa = PBXGroup;
			children = (
				A35E2B131B493D66000C9C7A /* SplashViewController.h */,
				A35E2B141B493D66000C9C7A /* SplashViewController.m */,
			);
			name = "Spash View Controller";
			sourceTree = "<group>";
		};
		A35E2B1B1B493DA7000C9C7A /* Landing View Controller */ = {
			isa = PBXGroup;
			children = (
				A35E2B181B493DA2000C9C7A /* LandingViewController.h */,
				A35E2B191B493DA2000C9C7A /* LandingViewController.m */,
			);
			name = "Landing View Controller";
			sourceTree = "<group>";
		};
		A35E2B1F1B493DD4000C9C7A /* ParentSignUpViewController */ = {
			isa = PBXGroup;
			children = (
				A35E2B1C1B493DC9000C9C7A /* ParentSignUpViewController.h */,
				A35E2B1D1B493DC9000C9C7A /* ParentSignUpViewController.m */,
			);
			name = ParentSignUpViewController;
			sourceTree = "<group>";
		};
/* End PBXGroup section */

/* Begin PBXNativeTarget section */
		A343E0411B491BE2004F30A4 /* Freedom */ = {
			isa = PBXNativeTarget;
			buildConfigurationList = A343E0651B491BE3004F30A4 /* Build configuration list for PBXNativeTarget "Freedom" */;
			buildPhases = (
				A343E03E1B491BE2004F30A4 /* Sources */,
				A343E03F1B491BE2004F30A4 /* Frameworks */,
				A343E0401B491BE2004F30A4 /* Resources */,
			);
			buildRules = (
			);
			dependencies = (
			);
			name = Freedom;
			productName = Freedom;
			productReference = A343E0421B491BE2004F30A4 /* Freedom.app */;
			productType = "com.apple.product-type.application";
		};
		A343E05A1B491BE3004F30A4 /* FreedomTests */ = {
			isa = PBXNativeTarget;
			buildConfigurationList = A343E0681B491BE3004F30A4 /* Build configuration list for PBXNativeTarget "FreedomTests" */;
			buildPhases = (
				A343E0571B491BE3004F30A4 /* Sources */,
				A343E0581B491BE3004F30A4 /* Frameworks */,
				A343E0591B491BE3004F30A4 /* Resources */,
			);
			buildRules = (
			);
			dependencies = (
				A343E05D1B491BE3004F30A4 /* PBXTargetDependency */,
			);
			name = FreedomTests;
			productName = FreedomTests;
			productReference = A343E05B1B491BE3004F30A4 /* FreedomTests.xctest */;
			productType = "com.apple.product-type.bundle.unit-test";
		};
/* End PBXNativeTarget section */

/* Begin PBXProject section */
		A343E03A1B491BE1004F30A4 /* Project object */ = {
			isa = PBXProject;
			attributes = {
				LastUpgradeCheck = 0620;
				ORGANIZATIONNAME = "Harpreet singh";
				TargetAttributes = {
					A343E0411B491BE2004F30A4 = {
						CreatedOnToolsVersion = 6.2;
					};
					A343E05A1B491BE3004F30A4 = {
						CreatedOnToolsVersion = 6.2;
						TestTargetID = A343E0411B491BE2004F30A4;
					};
				};
			};
			buildConfigurationList = A343E03D1B491BE1004F30A4 /* Build configuration list for PBXProject "Freedom" */;
			compatibilityVersion = "Xcode 3.2";
			developmentRegion = English;
			hasScannedForEncodings = 0;
			knownRegions = (
				en,
				Base,
			);
			mainGroup = A343E0391B491BE1004F30A4;
			productRefGroup = A343E0431B491BE2004F30A4 /* Products */;
			projectDirPath = "";
			projectRoot = "";
			targets = (
				A343E0411B491BE2004F30A4 /* Freedom */,
				A343E05A1B491BE3004F30A4 /* FreedomTests */,
			);
		};
/* End PBXProject section */

/* Begin PBXResourcesBuildPhase section */
		A343E0401B491BE2004F30A4 /* Resources */ = {
			isa = PBXResourcesBuildPhase;
			buildActionMask = 2147483647;
			files = (
				A35E2B0F1B4933F3000C9C7A /* backGround_2.png in Resources */,
				A35E2B101B4933F3000C9C7A /* freedom screen(splash).png in Resources */,
				A343E0511B491BE2004F30A4 /* Main.storyboard in Resources */,
				A35E2B0E1B4933F3000C9C7A /* background.png in Resources */,
				A3408BD21B4EED7A00941D6C /* icons.png in Resources */,
				A343E0561B491BE3004F30A4 /* LaunchScreen.xib in Resources */,
				A3408BD41B4EED7A00941D6C /* settings.png in Resources */,
				A3408BD11B4EED7A00941D6C /* force fields.png in Resources */,
				A35E2B121B4933F3000C9C7A /* freedom_logo.png in Resources */,
				A3408BD61B4EED7A00941D6C /* share location.png in Resources */,
				A3408BD51B4EED7A00941D6C /* share freedom.png in Resources */,
				A3408BD31B4EED7A00941D6C /* pairing code.png in Resources */,
				A35E2B211B49433B000C9C7A /* MyriadPro-Regular.otf in Resources */,
				A35E2B111B4933F3000C9C7A /* freedom.png in Resources */,
				A343E0531B491BE3004F30A4 /* Images.xcassets in Resources */,
				A3408BC31B4EE79200941D6C /* eye.png in Resources */,
				A3408BC51B4EE80800941D6C /* pairing code.png in Resources */,
			);
			runOnlyForDeploymentPostprocessing = 0;
		};
		A343E0591B491BE3004F30A4 /* Resources */ = {
			isa = PBXResourcesBuildPhase;
			buildActionMask = 2147483647;
			files = (
			);
			runOnlyForDeploymentPostprocessing = 0;
		};
/* End PBXResourcesBuildPhase section */

/* Begin PBXSourcesBuildPhase section */
		A343E03E1B491BE2004F30A4 /* Sources */ = {
			isa = PBXSourcesBuildPhase;
			buildActionMask = 2147483647;
			files = (
				A3C4E5591B5974A400B71AB6 /* testFile.m in Sources */,
				A343E04B1B491BE2004F30A4 /* AppDelegate.m in Sources */,
				A3408BCA1B4EE8CF00941D6C /* MainViewController.m in Sources */,
				A343E0481B491BE2004F30A4 /* main.m in Sources */,
				A35E2B1A1B493DA2000C9C7A /* LandingViewController.m in Sources */,
				A35E2B151B493D66000C9C7A /* SplashViewController.m in Sources */,
				A35E2B1E1B493DC9000C9C7A /* ParentSignUpViewController.m in Sources */,
			);
			runOnlyForDeploymentPostprocessing = 0;
		};
		A343E0571B491BE3004F30A4 /* Sources */ = {
			isa = PBXSourcesBuildPhase;
			buildActionMask = 2147483647;
			files = (
				A343E0621B491BE3004F30A4 /* FreedomTests.m in Sources */,
			);
			runOnlyForDeploymentPostprocessing = 0;
		};
/* End PBXSourcesBuildPhase section */

/* Begin PBXTargetDependency section */
		A343E05D1B491BE3004F30A4 /* PBXTargetDependency */ = {
			isa = PBXTargetDependency;
			target = A343E0411B491BE2004F30A4 /* Freedom */;
			targetProxy = A343E05C1B491BE3004F30A4 /* PBXContainerItemProxy */;
		};
/* End PBXTargetDependency section */

/* Begin PBXVariantGroup section */
		A343E04F1B491BE2004F30A4 /* Main.storyboard */ = {
			isa = PBXVariantGroup;
			children = (
				A343E0501B491BE2004F30A4 /* Base */,
			);
			name = Main.storyboard;
			sourceTree = "<group>";
		};
		A343E0541B491BE3004F30A4 /* LaunchScreen.xib */ = {
			isa = PBXVariantGroup;
			children = (
				A343E0551B491BE3004F30A4 /* Base */,
			);
			name = LaunchScreen.xib;
			sourceTree = "<group>";
		};
/* End PBXVariantGroup section */

/* Begin XCBuildConfiguration section */
		A343E0631B491BE3004F30A4 /* Debug */ = {
			isa = XCBuildConfiguration;
			buildSettings = {
				ALWAYS_SEARCH_USER_PATHS = NO;
				CLANG_CXX_LANGUAGE_STANDARD = "gnu++0x";
				CLANG_CXX_LIBRARY = "libc++";
				CLANG_ENABLE_MODULES = YES;
				CLANG_ENABLE_OBJC_ARC = YES;
				CLANG_WARN_BOOL_CONVERSION = YES;
				CLANG_WARN_CONSTANT_CONVERSION = YES;
				CLANG_WARN_DIRECT_OBJC_ISA_USAGE = YES_ERROR;
				CLANG_WARN_EMPTY_BODY = YES;
				CLANG_WARN_ENUM_CONVERSION = YES;
				CLANG_WARN_INT_CONVERSION = YES;
				CLANG_WARN_OBJC_ROOT_CLASS = YES_ERROR;
				CLANG_WARN_UNREACHABLE_CODE = YES;
				CLANG_WARN__DUPLICATE_METHOD_MATCH = YES;
				"CODE_SIGN_IDENTITY[sdk=iphoneos*]" = "iPhone Developer";
				COPY_PHASE_STRIP = NO;
				ENABLE_STRICT_OBJC_MSGSEND = YES;
				GCC_C_LANGUAGE_STANDARD = gnu99;
				GCC_DYNAMIC_NO_PIC = NO;
				GCC_OPTIMIZATION_LEVEL = 0;
				GCC_PREPROCESSOR_DEFINITIONS = (
					"DEBUG=1",
					"$(inherited)",
				);
				GCC_SYMBOLS_PRIVATE_EXTERN = NO;
				GCC_WARN_64_TO_32_BIT_CONVERSION = YES;
				GCC_WARN_ABOUT_RETURN_TYPE = YES_ERROR;
				GCC_WARN_UNDECLARED_SELECTOR = YES;
				GCC_WARN_UNINITIALIZED_AUTOS = YES_AGGRESSIVE;
				GCC_WARN_UNUSED_FUNCTION = YES;
				GCC_WARN_UNUSED_VARIABLE = YES;
				IPHONEOS_DEPLOYMENT_TARGET = 8.2;
				MTL_ENABLE_DEBUG_INFO = YES;
				ONLY_ACTIVE_ARCH = YES;
				SDKROOT = iphoneos;
			};
			name = Debug;
		};
		A343E0641B491BE3004F30A4 /* Release */ = {
			isa = XCBuildConfiguration;
			buildSettings = {
				ALWAYS_SEARCH_USER_PATHS = NO;
				CLANG_CXX_LANGUAGE_STANDARD = "gnu++0x";
				CLANG_CXX_LIBRARY = "libc++";
				CLANG_ENABLE_MODULES = YES;
				CLANG_ENABLE_OBJC_ARC = YES;
				CLANG_WARN_BOOL_CONVERSION = YES;
				CLANG_WARN_CONSTANT_CONVERSION = YES;
				CLANG_WARN_DIRECT_OBJC_ISA_USAGE = YES_ERROR;
				CLANG_WARN_EMPTY_BODY = YES;
				CLANG_WARN_ENUM_CONVERSION = YES;
				CLANG_WARN_INT_CONVERSION = YES;
				CLANG_WARN_OBJC_ROOT_CLASS = YES_ERROR;
				CLANG_WARN_UNREACHABLE_CODE = YES;
				CLANG_WARN__DUPLICATE_METHOD_MATCH = YES;
				"CODE_SIGN_IDENTITY[sdk=iphoneos*]" = "iPhone Developer";
				COPY_PHASE_STRIP = NO;
				ENABLE_NS_ASSERTIONS = NO;
				ENABLE_STRICT_OBJC_MSGSEND = YES;
				GCC_C_LANGUAGE_STANDARD = gnu99;
				GCC_WARN_64_TO_32_BIT_CONVERSION = YES;
				GCC_WARN_ABOUT_RETURN_TYPE = YES_ERROR;
				GCC_WARN_UNDECLARED_SELECTOR = YES;
				GCC_WARN_UNINITIALIZED_AUTOS = YES_AGGRESSIVE;
				GCC_WARN_UNUSED_FUNCTION = YES;
				GCC_WARN_UNUSED_VARIABLE = YES;
				IPHONEOS_DEPLOYMENT_TARGET = 8.2;
				MTL_ENABLE_DEBUG_INFO = NO;
				SDKROOT = iphoneos;
				VALIDATE_PRODUCT = YES;
			};
			name = Release;
		};
		A343E0661B491BE3004F30A4 /* Debug */ = {
			isa = XCBuildConfiguration;
			buildSettings = {
				ASSETCATALOG_COMPILER_APPICON_NAME = AppIcon;
				INFOPLIST_FILE = Freedom/Info.plist;
				LD_RUNPATH_SEARCH_PATHS = "$(inherited) @executable_path/Frameworks";
				PRODUCT_NAME = "$(TARGET_NAME)";
			};
			name = Debug;
		};
		A343E0671B491BE3004F30A4 /* Release */ = {
			isa = XCBuildConfiguration;
			buildSettings = {
				ASSETCATALOG_COMPILER_APPICON_NAME = AppIcon;
				INFOPLIST_FILE = Freedom/Info.plist;
				LD_RUNPATH_SEARCH_PATHS = "$(inherited) @executable_path/Frameworks";
				PRODUCT_NAME = "$(TARGET_NAME)";
			};
			name = Release;
		};
		A343E0691B491BE3004F30A4 /* Debug */ = {
			isa = XCBuildConfiguration;
			buildSettings = {
				BUNDLE_LOADER = "$(TEST_HOST)";
				FRAMEWORK_SEARCH_PATHS = (
					"$(SDKROOT)/Developer/Library/Frameworks",
					"$(inherited)",
				);
				GCC_PREPROCESSOR_DEFINITIONS = (
					"DEBUG=1",
					"$(inherited)",
				);
				INFOPLIST_FILE = FreedomTests/Info.plist;
				LD_RUNPATH_SEARCH_PATHS = "$(inherited) @executable_path/Frameworks @loader_path/Frameworks";
				PRODUCT_NAME = "$(TARGET_NAME)";
				TEST_HOST = "$(BUILT_PRODUCTS_DIR)/Freedom.app/Freedom";
			};
			name = Debug;
		};
		A343E06A1B491BE3004F30A4 /* Release */ = {
			isa = XCBuildConfiguration;
			buildSettings = {
				BUNDLE_LOADER = "$(TEST_HOST)";
				FRAMEWORK_SEARCH_PATHS = (
					"$(SDKROOT)/Developer/Library/Frameworks",
					"$(inherited)",
				);
				INFOPLIST_FILE = FreedomTests/Info.plist;
				LD_RUNPATH_SEARCH_PATHS = "$(inherited) @executable_path/Frameworks @loader_path/Frameworks";
				PRODUCT_NAME = "$(TARGET_NAME)";
				TEST_HOST = "$(BUILT_PRODUCTS_DIR)/Freedom.app/Freedom";
			};
			name = Release;
		};
/* End XCBuildConfiguration section */

/* Begin XCConfigurationList section */
		A343E03D1B491BE1004F30A4 /* Build configuration list for PBXProject "Freedom" */ = {
			isa = XCConfigurationList;
			buildConfigurations = (
				A343E0631B491BE3004F30A4 /* Debug */,
				A343E0641B491BE3004F30A4 /* Release */,
			);
			defaultConfigurationIsVisible = 0;
			defaultConfigurationName = Release;
		};
		A343E0651B491BE3004F30A4 /* Build configuration list for PBXNativeTarget "Freedom" */ = {
			isa = XCConfigurationList;
			buildConfigurations = (
				A343E0661B491BE3004F30A4 /* Debug */,
				A343E0671B491BE3004F30A4 /* Release */,
			);
			defaultConfigurationIsVisible = 0;
			defaultConfigurationName = Release;
		};
		A343E0681B491BE3004F30A4 /* Build configuration list for PBXNativeTarget "FreedomTests" */ = {
			isa = XCConfigurationList;
			buildConfigurations = (
				A343E0691B491BE3004F30A4 /* Debug */,
				A343E06A1B491BE3004F30A4 /* Release */,
			);
			defaultConfigurationIsVisible = 0;
			defaultConfigurationName = Release;
		};
/* End XCConfigurationList section */
	};
	rootObject = A343E03A1B491BE1004F30A4 /* Project object */;
}
